
Microsoft Visual Studio Solution File, Format Version 12.00
# Visual Studio 15
Project("{FAE04EC0-301F-11D3-BF4B-00C04F79EFBC}") = "Assembly-CSharp", "Assembly-CSharp.csproj", "{235C38DD-CBC3-BBA7-775E-822D82E84CC3}"
EndProject
Project("{FAE04EC0-301F-11D3-BF4B-00C04F79EFBC}") = "Oculus.VR", "Oculus.VR.csproj", "{BE2F6D58-ED56-F38C-50F0-C898C67F25EE}"
EndProject
Project("{FAE04EC0-301F-11D3-BF4B-00C04F79EFBC}") = "Assembly-CSharp-Editor", "Assembly-CSharp-Editor.csproj", "{7DA3D0AB-AA7C-15C6-B3B6-9859D9574F5A}"
EndProject
Project("{FAE04EC0-301F-11D3-BF4B-00C04F79EFBC}") = "Oculus.VR.Scripts.Editor", "Oculus.VR.Scripts.Editor.csproj", "{1B845B39-A08A-D944-B4FF-3B59EF0CC29A}"
EndProject
Project("{FAE04EC0-301F-11D3-BF4B-00C04F79EFBC}") = "Oculus.VR.Editor", "Oculus.VR.Editor.csproj", "{7C43FC88-C880-54CD-33F0-8528029D859F}"
EndProject
Global
	GlobalSection(SolutionConfigurationPlatforms) = preSolution
		Debug|Any CPU = Debug|Any CPU
		Release|Any CPU = Release|Any CPU
	EndGlobalSection
	GlobalSection(ProjectConfigurationPlatforms) = postSolution
		{235C38DD-CBC3-BBA7-775E-822D82E84CC3}.Debug|Any CPU.ActiveCfg = Debug|Any CPU
		{235C38DD-CBC3-BBA7-775E-822D82E84CC3}.Debug|Any CPU.Build.0 = Debug|Any CPU
		{235C38DD-CBC3-BBA7-775E-822D82E84CC3}.Release|Any CPU.ActiveCfg = Release|Any CPU
		{235C38DD-CBC3-BBA7-775E-822D82E84CC3}.Release|Any CPU.Build.0 = Release|Any CPU
		{BE2F6D58-ED56-F38C-50F0-C898C67F25EE}.Debug|Any CPU.ActiveCfg = Debug|Any CPU
		{BE2F6D58-ED56-F38C-50F0-C898C67F25EE}.Debug|Any CPU.Build.0 = Debug|Any CPU
		{BE2F6D58-ED56-F38C-50F0-C898C67F25EE}.Release|Any CPU.ActiveCfg = Release|Any CPU
		{BE2F6D58-ED56-F38C-50F0-C898C67F25EE}.Release|Any CPU.Build.0 = Release|Any CPU
		{7DA3D0AB-AA7C-15C6-B3B6-9859D9574F5A}.Debug|Any CPU.ActiveCfg = Debug|Any CPU
		{7DA3D0AB-AA7C-15C6-B3B6-9859D9574F5A}.Debug|Any CPU.Build.0 = Debug|Any CPU
		{7DA3D0AB-AA7C-15C6-B3B6-9859D9574F5A}.Release|Any CPU.ActiveCfg = Release|Any CPU
		{7DA3D0AB-AA7C-15C6-B3B6-9859D9574F5A}.Release|Any CPU.Build.0 = Release|Any CPU
		{1B845B39-A08A-D944-B4FF-3B59EF0CC29A}.Debug|Any CPU.ActiveCfg = Debug|Any CPU
		{1B845B39-A08A-D944-B4FF-3B59EF0CC29A}.Debug|Any CPU.Build.0 = Debug|Any CPU
		{1B845B39-A08A-D944-B4FF-3B59EF0CC29A}.Release|Any CPU.ActiveCfg = Release|Any CPU
		{1B845B39-A08A-D944-B4FF-3B59EF0CC29A}.Release|Any CPU.Build.0 = Release|Any CPU
		{7C43FC88-C880-54CD-33F0-8528029D859F}.Debug|Any CPU.ActiveCfg = Debug|Any CPU
		{7C43FC88-C880-54CD-33F0-8528029D859F}.Debug|Any CPU.Build.0 = Debug|Any CPU
		{7C43FC88-C880-54CD-33F0-8528029D859F}.Release|Any CPU.ActiveCfg = Release|Any CPU
		{7C43FC88-C880-54CD-33F0-8528029D859F}.Release|Any CPU.Build.0 = Release|Any CPU
	EndGlobalSection
	GlobalSection(SolutionProperties) = preSolution
		HideSolutionNode = FALSE
	EndGlobalSection
EndGlobal
